
Microsoft Visual Studio Solution File, Format Version 12.00
# Visual Studio 15
VisualStudioVersion = 15.0.28010.2026
MinimumVisualStudioVersion = 10.0.40219.1
Project("{FAE04EC0-301F-11D3-BF4B-00C04F79EFBC}") = "33 - Eventi orario", "33 - Eventi orario\33 - Eventi orario.csproj", "{6638B23D-1CC9-4ECC-BBB3-D5334CEC6690}"
EndProject
Global
	GlobalSection(SolutionConfigurationPlatforms) = preSolution
		Debug|Any CPU = Debug|Any CPU
		Release|Any CPU = Release|Any CPU
	EndGlobalSection
	GlobalSection(ProjectConfigurationPlatforms) = postSolution
		{6638B23D-1CC9-4ECC-BBB3-D5334CEC6690}.Debug|Any CPU.ActiveCfg = Debug|Any CPU
		{6638B23D-1CC9-4ECC-BBB3-D5334CEC6690}.Debug|Any CPU.Build.0 = Debug|Any CPU
		{6638B23D-1CC9-4ECC-BBB3-D5334CEC6690}.Release|Any CPU.ActiveCfg = Release|Any CPU
		{6638B23D-1CC9-4ECC-BBB3-D5334CEC6690}.Release|Any CPU.Build.0 = Release|Any CPU
	EndGlobalSection
	GlobalSection(SolutionProperties) = preSolution
		HideSolutionNode = FALSE
	EndGlobalSection
	GlobalSection(ExtensibilityGlobals) = postSolution
		SolutionGuid = {0C08E89C-8ECF-4981-9A37-EA423210EE0A}
	EndGlobalSection
EndGlobal
