
Microsoft Visual Studio Solution File, Format Version 12.00
# Visual Studio 15
VisualStudioVersion = 15.0.28010.2026
MinimumVisualStudioVersion = 10.0.40219.1
Project("{FAE04EC0-301F-11D3-BF4B-00C04F79EFBC}") = "70 - Catalogo prodotti con DGV", "70 - Catalogo prodotti con DGV\70 - Catalogo prodotti con DGV.csproj", "{285EA2EF-D358-44F7-A71E-9839DB4CB851}"
EndProject
Global
	GlobalSection(SolutionConfigurationPlatforms) = preSolution
		Debug|Any CPU = Debug|Any CPU
		Release|Any CPU = Release|Any CPU
	EndGlobalSection
	GlobalSection(ProjectConfigurationPlatforms) = postSolution
		{285EA2EF-D358-44F7-A71E-9839DB4CB851}.Debug|Any CPU.ActiveCfg = Debug|Any CPU
		{285EA2EF-D358-44F7-A71E-9839DB4CB851}.Debug|Any CPU.Build.0 = Debug|Any CPU
		{285EA2EF-D358-44F7-A71E-9839DB4CB851}.Release|Any CPU.ActiveCfg = Release|Any CPU
		{285EA2EF-D358-44F7-A71E-9839DB4CB851}.Release|Any CPU.Build.0 = Release|Any CPU
	EndGlobalSection
	GlobalSection(SolutionProperties) = preSolution
		HideSolutionNode = FALSE
	EndGlobalSection
	GlobalSection(ExtensibilityGlobals) = postSolution
		SolutionGuid = {A4FB051F-FB7E-4167-B1B5-9C108BF0DB83}
	EndGlobalSection
EndGlobal
