
Microsoft Visual Studio Solution File, Format Version 12.00
# Visual Studio 15
VisualStudioVersion = 15.0.28010.2026
MinimumVisualStudioVersion = 10.0.40219.1
Project("{FAE04EC0-301F-11D3-BF4B-00C04F79EFBC}") = "31 - Punteggio calcio multiform", "31 - Punteggio calcio multiform\31 - Punteggio calcio multiform.csproj", "{3436EDD3-1FD7-44D1-AC79-ACA15DB644FB}"
EndProject
Global
	GlobalSection(SolutionConfigurationPlatforms) = preSolution
		Debug|Any CPU = Debug|Any CPU
		Release|Any CPU = Release|Any CPU
	EndGlobalSection
	GlobalSection(ProjectConfigurationPlatforms) = postSolution
		{3436EDD3-1FD7-44D1-AC79-ACA15DB644FB}.Debug|Any CPU.ActiveCfg = Debug|Any CPU
		{3436EDD3-1FD7-44D1-AC79-ACA15DB644FB}.Debug|Any CPU.Build.0 = Debug|Any CPU
		{3436EDD3-1FD7-44D1-AC79-ACA15DB644FB}.Release|Any CPU.ActiveCfg = Release|Any CPU
		{3436EDD3-1FD7-44D1-AC79-ACA15DB644FB}.Release|Any CPU.Build.0 = Release|Any CPU
	EndGlobalSection
	GlobalSection(SolutionProperties) = preSolution
		HideSolutionNode = FALSE
	EndGlobalSection
	GlobalSection(ExtensibilityGlobals) = postSolution
		SolutionGuid = {299C2DE3-461D-43B1-AC81-4F2843632AD1}
	EndGlobalSection
EndGlobal
