
Microsoft Visual Studio Solution File, Format Version 12.00
# Visual Studio 15
VisualStudioVersion = 15.0.28010.2026
MinimumVisualStudioVersion = 10.0.40219.1
Project("{FAE04EC0-301F-11D3-BF4B-00C04F79EFBC}") = "57 - Somma pari ricorsiva", "57 - Somma pari ricorsiva\57 - Somma pari ricorsiva.csproj", "{D2C6DBD4-A05C-4AFF-97B5-3A3F326DBB74}"
EndProject
Global
	GlobalSection(SolutionConfigurationPlatforms) = preSolution
		Debug|Any CPU = Debug|Any CPU
		Release|Any CPU = Release|Any CPU
	EndGlobalSection
	GlobalSection(ProjectConfigurationPlatforms) = postSolution
		{D2C6DBD4-A05C-4AFF-97B5-3A3F326DBB74}.Debug|Any CPU.ActiveCfg = Debug|Any CPU
		{D2C6DBD4-A05C-4AFF-97B5-3A3F326DBB74}.Debug|Any CPU.Build.0 = Debug|Any CPU
		{D2C6DBD4-A05C-4AFF-97B5-3A3F326DBB74}.Release|Any CPU.ActiveCfg = Release|Any CPU
		{D2C6DBD4-A05C-4AFF-97B5-3A3F326DBB74}.Release|Any CPU.Build.0 = Release|Any CPU
	EndGlobalSection
	GlobalSection(SolutionProperties) = preSolution
		HideSolutionNode = FALSE
	EndGlobalSection
	GlobalSection(ExtensibilityGlobals) = postSolution
		SolutionGuid = {A94F5846-C659-44E1-9A22-A17E5444ABA4}
	EndGlobalSection
EndGlobal
