
Microsoft Visual Studio Solution File, Format Version 12.00
# Visual Studio 15
VisualStudioVersion = 15.0.28010.2026
MinimumVisualStudioVersion = 10.0.40219.1
Project("{FAE04EC0-301F-11D3-BF4B-00C04F79EFBC}") = "69 - DataGridView Atleti", "69 - DataGridView Atleti\69 - DataGridView Atleti.csproj", "{90FEA390-5202-4259-8DCC-D6743ADA614B}"
EndProject
Global
	GlobalSection(SolutionConfigurationPlatforms) = preSolution
		Debug|Any CPU = Debug|Any CPU
		Release|Any CPU = Release|Any CPU
	EndGlobalSection
	GlobalSection(ProjectConfigurationPlatforms) = postSolution
		{90FEA390-5202-4259-8DCC-D6743ADA614B}.Debug|Any CPU.ActiveCfg = Debug|Any CPU
		{90FEA390-5202-4259-8DCC-D6743ADA614B}.Debug|Any CPU.Build.0 = Debug|Any CPU
		{90FEA390-5202-4259-8DCC-D6743ADA614B}.Release|Any CPU.ActiveCfg = Release|Any CPU
		{90FEA390-5202-4259-8DCC-D6743ADA614B}.Release|Any CPU.Build.0 = Release|Any CPU
	EndGlobalSection
	GlobalSection(SolutionProperties) = preSolution
		HideSolutionNode = FALSE
	EndGlobalSection
	GlobalSection(ExtensibilityGlobals) = postSolution
		SolutionGuid = {AA2F3CF4-8632-4CD1-8674-E5DF0EB4AC0F}
	EndGlobalSection
EndGlobal
