
Microsoft Visual Studio Solution File, Format Version 12.00
# Visual Studio 15
VisualStudioVersion = 15.0.27703.2026
MinimumVisualStudioVersion = 10.0.40219.1
Project("{FAE04EC0-301F-11D3-BF4B-00C04F79EFBC}") = "71 - Elenco alunni accesso diretto", "71 - Elenco alunni accesso diretto\71 - Elenco alunni accesso diretto.csproj", "{67161613-07CE-4B42-BC74-80EF885151E8}"
EndProject
Global
	GlobalSection(SolutionConfigurationPlatforms) = preSolution
		Debug|Any CPU = Debug|Any CPU
		Release|Any CPU = Release|Any CPU
	EndGlobalSection
	GlobalSection(ProjectConfigurationPlatforms) = postSolution
		{67161613-07CE-4B42-BC74-80EF885151E8}.Debug|Any CPU.ActiveCfg = Debug|Any CPU
		{67161613-07CE-4B42-BC74-80EF885151E8}.Debug|Any CPU.Build.0 = Debug|Any CPU
		{67161613-07CE-4B42-BC74-80EF885151E8}.Release|Any CPU.ActiveCfg = Release|Any CPU
		{67161613-07CE-4B42-BC74-80EF885151E8}.Release|Any CPU.Build.0 = Release|Any CPU
	EndGlobalSection
	GlobalSection(SolutionProperties) = preSolution
		HideSolutionNode = FALSE
	EndGlobalSection
	GlobalSection(ExtensibilityGlobals) = postSolution
		SolutionGuid = {0E473382-379E-4819-8527-0617BFD06D36}
	EndGlobalSection
EndGlobal
