
Microsoft Visual Studio Solution File, Format Version 12.00
# Visual Studio 14
VisualStudioVersion = 14.0.25420.1
MinimumVisualStudioVersion = 10.0.40219.1
Project("{FAE04EC0-301F-11D3-BF4B-00C04F79EFBC}") = "1 - Vettore con sottoprogrammi in listbox", "1 - Vettore con sottoprogrammi in listbox\1 - Vettore con sottoprogrammi in listbox.csproj", "{32AB25C7-8EAD-4B0C-BA67-678518E2DE9B}"
EndProject
Global
	GlobalSection(SolutionConfigurationPlatforms) = preSolution
		Debug|Any CPU = Debug|Any CPU
		Release|Any CPU = Release|Any CPU
	EndGlobalSection
	GlobalSection(ProjectConfigurationPlatforms) = postSolution
		{32AB25C7-8EAD-4B0C-BA67-678518E2DE9B}.Debug|Any CPU.ActiveCfg = Debug|Any CPU
		{32AB25C7-8EAD-4B0C-BA67-678518E2DE9B}.Debug|Any CPU.Build.0 = Debug|Any CPU
		{32AB25C7-8EAD-4B0C-BA67-678518E2DE9B}.Release|Any CPU.ActiveCfg = Release|Any CPU
		{32AB25C7-8EAD-4B0C-BA67-678518E2DE9B}.Release|Any CPU.Build.0 = Release|Any CPU
	EndGlobalSection
	GlobalSection(SolutionProperties) = preSolution
		HideSolutionNode = FALSE
	EndGlobalSection
EndGlobal
