
Microsoft Visual Studio Solution File, Format Version 12.00
# Visual Studio 15
VisualStudioVersion = 15.0.28010.2026
MinimumVisualStudioVersion = 10.0.40219.1
Project("{FAE04EC0-301F-11D3-BF4B-00C04F79EFBC}") = "17 - Pallina 2", "17 - Pallina 2\17 - Pallina 2.csproj", "{FC5EEBFF-CAD3-46ED-9D91-3A408071025F}"
EndProject
Global
	GlobalSection(SolutionConfigurationPlatforms) = preSolution
		Debug|Any CPU = Debug|Any CPU
		Release|Any CPU = Release|Any CPU
	EndGlobalSection
	GlobalSection(ProjectConfigurationPlatforms) = postSolution
		{FC5EEBFF-CAD3-46ED-9D91-3A408071025F}.Debug|Any CPU.ActiveCfg = Debug|Any CPU
		{FC5EEBFF-CAD3-46ED-9D91-3A408071025F}.Debug|Any CPU.Build.0 = Debug|Any CPU
		{FC5EEBFF-CAD3-46ED-9D91-3A408071025F}.Release|Any CPU.ActiveCfg = Release|Any CPU
		{FC5EEBFF-CAD3-46ED-9D91-3A408071025F}.Release|Any CPU.Build.0 = Release|Any CPU
	EndGlobalSection
	GlobalSection(SolutionProperties) = preSolution
		HideSolutionNode = FALSE
	EndGlobalSection
	GlobalSection(ExtensibilityGlobals) = postSolution
		SolutionGuid = {7E124B8A-E408-4E75-9C0D-D42E053BE5F0}
	EndGlobalSection
EndGlobal
