
Microsoft Visual Studio Solution File, Format Version 12.00
# Visual Studio 15
VisualStudioVersion = 15.0.28010.2026
MinimumVisualStudioVersion = 10.0.40219.1
Project("{FAE04EC0-301F-11D3-BF4B-00C04F79EFBC}") = "18 - Pallina 3", "18 - Pallina 3\18 - Pallina 3.csproj", "{CA990945-DE70-4AB4-B45C-033169F2BA08}"
EndProject
Global
	GlobalSection(SolutionConfigurationPlatforms) = preSolution
		Debug|Any CPU = Debug|Any CPU
		Release|Any CPU = Release|Any CPU
	EndGlobalSection
	GlobalSection(ProjectConfigurationPlatforms) = postSolution
		{CA990945-DE70-4AB4-B45C-033169F2BA08}.Debug|Any CPU.ActiveCfg = Debug|Any CPU
		{CA990945-DE70-4AB4-B45C-033169F2BA08}.Debug|Any CPU.Build.0 = Debug|Any CPU
		{CA990945-DE70-4AB4-B45C-033169F2BA08}.Release|Any CPU.ActiveCfg = Release|Any CPU
		{CA990945-DE70-4AB4-B45C-033169F2BA08}.Release|Any CPU.Build.0 = Release|Any CPU
	EndGlobalSection
	GlobalSection(SolutionProperties) = preSolution
		HideSolutionNode = FALSE
	EndGlobalSection
	GlobalSection(ExtensibilityGlobals) = postSolution
		SolutionGuid = {BE8213AE-17E1-4D86-908F-80B443AB7D39}
	EndGlobalSection
EndGlobal
