
Microsoft Visual Studio Solution File, Format Version 12.00
# Visual Studio Version 16
VisualStudioVersion = 16.0.28803.352
MinimumVisualStudioVersion = 10.0.40219.1
Project("{FAE04EC0-301F-11D3-BF4B-00C04F79EFBC}") = "76 - Calcolatrice Web", "76 - Calcolatrice Web\76 - Calcolatrice Web.csproj", "{92F93CF1-AEF1-4E1A-8C97-1F913A5548DB}"
EndProject
Global
	GlobalSection(SolutionConfigurationPlatforms) = preSolution
		Debug|Any CPU = Debug|Any CPU
		Release|Any CPU = Release|Any CPU
	EndGlobalSection
	GlobalSection(ProjectConfigurationPlatforms) = postSolution
		{92F93CF1-AEF1-4E1A-8C97-1F913A5548DB}.Debug|Any CPU.ActiveCfg = Debug|Any CPU
		{92F93CF1-AEF1-4E1A-8C97-1F913A5548DB}.Debug|Any CPU.Build.0 = Debug|Any CPU
		{92F93CF1-AEF1-4E1A-8C97-1F913A5548DB}.Release|Any CPU.ActiveCfg = Release|Any CPU
		{92F93CF1-AEF1-4E1A-8C97-1F913A5548DB}.Release|Any CPU.Build.0 = Release|Any CPU
	EndGlobalSection
	GlobalSection(SolutionProperties) = preSolution
		HideSolutionNode = FALSE
	EndGlobalSection
	GlobalSection(ExtensibilityGlobals) = postSolution
		SolutionGuid = {909AB984-33B8-45F1-B2A3-47C988F386DE}
	EndGlobalSection
EndGlobal
