
Microsoft Visual Studio Solution File, Format Version 12.00
# Visual Studio 15
VisualStudioVersion = 15.0.28010.2026
MinimumVisualStudioVersion = 10.0.40219.1
Project("{FAE04EC0-301F-11D3-BF4B-00C04F79EFBC}") = "65 - Sequenza numeri file di testo", "65 - Sequenza numeri file di testo\65 - Sequenza numeri file di testo.csproj", "{3132B52C-648E-4D65-AB4B-2FCAB81D7785}"
EndProject
Global
	GlobalSection(SolutionConfigurationPlatforms) = preSolution
		Debug|Any CPU = Debug|Any CPU
		Release|Any CPU = Release|Any CPU
	EndGlobalSection
	GlobalSection(ProjectConfigurationPlatforms) = postSolution
		{3132B52C-648E-4D65-AB4B-2FCAB81D7785}.Debug|Any CPU.ActiveCfg = Debug|Any CPU
		{3132B52C-648E-4D65-AB4B-2FCAB81D7785}.Debug|Any CPU.Build.0 = Debug|Any CPU
		{3132B52C-648E-4D65-AB4B-2FCAB81D7785}.Release|Any CPU.ActiveCfg = Release|Any CPU
		{3132B52C-648E-4D65-AB4B-2FCAB81D7785}.Release|Any CPU.Build.0 = Release|Any CPU
	EndGlobalSection
	GlobalSection(SolutionProperties) = preSolution
		HideSolutionNode = FALSE
	EndGlobalSection
	GlobalSection(ExtensibilityGlobals) = postSolution
		SolutionGuid = {E2DAB807-2091-409E-BC6F-00A185BD4F27}
	EndGlobalSection
EndGlobal
