
Microsoft Visual Studio Solution File, Format Version 12.00
# Visual Studio 14
VisualStudioVersion = 14.0.23107.0
MinimumVisualStudioVersion = 10.0.40219.1
Project("{FAE04EC0-301F-11D3-BF4B-00C04F79EFBC}") = "36 - Conteggio da B ad A con passo P", "36 - Conteggio da B ad A con passo P\36 - Conteggio da B ad A con passo P.csproj", "{FBAA6D02-7DDC-4FF1-A752-C6CD950265ED}"
EndProject
Global
	GlobalSection(SolutionConfigurationPlatforms) = preSolution
		Debug|Any CPU = Debug|Any CPU
		Release|Any CPU = Release|Any CPU
	EndGlobalSection
	GlobalSection(ProjectConfigurationPlatforms) = postSolution
		{FBAA6D02-7DDC-4FF1-A752-C6CD950265ED}.Debug|Any CPU.ActiveCfg = Debug|Any CPU
		{FBAA6D02-7DDC-4FF1-A752-C6CD950265ED}.Debug|Any CPU.Build.0 = Debug|Any CPU
		{FBAA6D02-7DDC-4FF1-A752-C6CD950265ED}.Release|Any CPU.ActiveCfg = Release|Any CPU
		{FBAA6D02-7DDC-4FF1-A752-C6CD950265ED}.Release|Any CPU.Build.0 = Release|Any CPU
	EndGlobalSection
	GlobalSection(SolutionProperties) = preSolution
		HideSolutionNode = FALSE
	EndGlobalSection
EndGlobal
