
Microsoft Visual Studio Solution File, Format Version 12.00
# Visual Studio 14
VisualStudioVersion = 14.0.23107.0
MinimumVisualStudioVersion = 10.0.40219.1
Project("{FAE04EC0-301F-11D3-BF4B-00C04F79EFBC}") = "44 - Somma pari da 2a - 2b", "44 - Somma pari da 2a - 2b\44 - Somma pari da 2a - 2b.csproj", "{43CFF5B6-495D-45D6-B02C-14A37C704D07}"
EndProject
Global
	GlobalSection(SolutionConfigurationPlatforms) = preSolution
		Debug|Any CPU = Debug|Any CPU
		Release|Any CPU = Release|Any CPU
	EndGlobalSection
	GlobalSection(ProjectConfigurationPlatforms) = postSolution
		{43CFF5B6-495D-45D6-B02C-14A37C704D07}.Debug|Any CPU.ActiveCfg = Debug|Any CPU
		{43CFF5B6-495D-45D6-B02C-14A37C704D07}.Debug|Any CPU.Build.0 = Debug|Any CPU
		{43CFF5B6-495D-45D6-B02C-14A37C704D07}.Release|Any CPU.ActiveCfg = Release|Any CPU
		{43CFF5B6-495D-45D6-B02C-14A37C704D07}.Release|Any CPU.Build.0 = Release|Any CPU
	EndGlobalSection
	GlobalSection(SolutionProperties) = preSolution
		HideSolutionNode = FALSE
	EndGlobalSection
EndGlobal
